
Microsoft Visual Studio Solution File, Format Version 12.00
# Visual Studio Version 17
VisualStudioVersion = 17.8.34408.163
MinimumVisualStudioVersion = 10.0.40219.1
Project("{FAE04EC0-301F-11D3-BF4B-00C04F79EFBC}") = "collections", "collections.csproj", "{C44A1630-66AC-4D6D-83C0-F34166DDD800}"
EndProject
Global
	GlobalSection(SolutionConfigurationPlatforms) = preSolution
		Debug|Any CPU = Debug|Any CPU
		Release|Any CPU = Release|Any CPU
	EndGlobalSection
	GlobalSection(ProjectConfigurationPlatforms) = postSolution
		{C44A1630-66AC-4D6D-83C0-F34166DDD800}.Debug|Any CPU.ActiveCfg = Debug|Any CPU
		{C44A1630-66AC-4D6D-83C0-F34166DDD800}.Debug|Any CPU.Build.0 = Debug|Any CPU
		{C44A1630-66AC-4D6D-83C0-F34166DDD800}.Release|Any CPU.ActiveCfg = Release|Any CPU
		{C44A1630-66AC-4D6D-83C0-F34166DDD800}.Release|Any CPU.Build.0 = Release|Any CPU
	EndGlobalSection
	GlobalSection(SolutionProperties) = preSolution
		HideSolutionNode = FALSE
	EndGlobalSection
	GlobalSection(ExtensibilityGlobals) = postSolution
		SolutionGuid = {F6F3FD98-CC42-41E3-9317-A0E7127294B2}
	EndGlobalSection
EndGlobal
