
Microsoft Visual Studio Solution File, Format Version 12.00
# Visual Studio Version 17
VisualStudioVersion = 17.8.34408.163
MinimumVisualStudioVersion = 10.0.40219.1
Project("{FAE04EC0-301F-11D3-BF4B-00C04F79EFBC}") = "lambdaExpressions", "lambdaExpressions.csproj", "{38A6D6A5-2DF7-460D-AE80-2012564EDFDC}"
EndProject
Global
	GlobalSection(SolutionConfigurationPlatforms) = preSolution
		Debug|Any CPU = Debug|Any CPU
		Release|Any CPU = Release|Any CPU
	EndGlobalSection
	GlobalSection(ProjectConfigurationPlatforms) = postSolution
		{38A6D6A5-2DF7-460D-AE80-2012564EDFDC}.Debug|Any CPU.ActiveCfg = Debug|Any CPU
		{38A6D6A5-2DF7-460D-AE80-2012564EDFDC}.Debug|Any CPU.Build.0 = Debug|Any CPU
		{38A6D6A5-2DF7-460D-AE80-2012564EDFDC}.Release|Any CPU.ActiveCfg = Release|Any CPU
		{38A6D6A5-2DF7-460D-AE80-2012564EDFDC}.Release|Any CPU.Build.0 = Release|Any CPU
	EndGlobalSection
	GlobalSection(SolutionProperties) = preSolution
		HideSolutionNode = FALSE
	EndGlobalSection
	GlobalSection(ExtensibilityGlobals) = postSolution
		SolutionGuid = {4CEF5DB1-62C7-4F9F-97AB-067D0A331626}
	EndGlobalSection
EndGlobal
